
Microsoft Visual Studio Solution File, Format Version 12.00
# Visual Studio Version 16
VisualStudioVersion = 16.0.30523.141
MinimumVisualStudioVersion = 10.0.40219.1
Project("{8BC9CEB8-8B4A-11D0-8D11-00A0C91BC942}") = "AnyWhr", "AnyWhr\AnyWhr.vcxproj", "{BF4164C1-C829-4459-AB04-09BBBF405465}"
EndProject
Global
	GlobalSection(SolutionConfigurationPlatforms) = preSolution
		Debug|x64 = Debug|x64
		Debug|x86 = Debug|x86
		Release|x64 = Release|x64
		Release|x86 = Release|x86
	EndGlobalSection
	GlobalSection(ProjectConfigurationPlatforms) = postSolution
		{BF4164C1-C829-4459-AB04-09BBBF405465}.Debug|x64.ActiveCfg = Debug|x64
		{BF4164C1-C829-4459-AB04-09BBBF405465}.Debug|x64.Build.0 = Debug|x64
		{BF4164C1-C829-4459-AB04-09BBBF405465}.Debug|x86.ActiveCfg = Debug|Win32
		{BF4164C1-C829-4459-AB04-09BBBF405465}.Debug|x86.Build.0 = Debug|Win32
		{BF4164C1-C829-4459-AB04-09BBBF405465}.Release|x64.ActiveCfg = Release|x64
		{BF4164C1-C829-4459-AB04-09BBBF405465}.Release|x64.Build.0 = Release|x64
		{BF4164C1-C829-4459-AB04-09BBBF405465}.Release|x86.ActiveCfg = Release|Win32
		{BF4164C1-C829-4459-AB04-09BBBF405465}.Release|x86.Build.0 = Release|Win32
	EndGlobalSection
	GlobalSection(SolutionProperties) = preSolution
		HideSolutionNode = FALSE
	EndGlobalSection
	GlobalSection(ExtensibilityGlobals) = postSolution
		SolutionGuid = {B9F8B93C-D4BD-46CB-A916-05D9950DFBF7}
	EndGlobalSection
EndGlobal
